
Microsoft Visual Studio Solution File, Format Version 12.00
# Visual Studio 14
VisualStudioVersion = 14.0.25420.1
MinimumVisualStudioVersion = 10.0.40219.1
Project("{2150E333-8FDC-42A3-9474-1A3956D46DE8}") = "src", "src", "{B022C03B-51EB-4D3C-A12E-1443FCAD8DCA}"
EndProject
Project("{2150E333-8FDC-42A3-9474-1A3956D46DE8}") = "Solution Items", "Solution Items", "{DFE1259D-DE09-4D8A-AB40-FC22F6312C1C}"
	ProjectSection(SolutionItems) = preProject
		circle.yml = circle.yml
		create-sqlexpress.ps1 = create-sqlexpress.ps1
		create-sqlite.ps1 = create-sqlite.ps1
		create-sqlite.sh = create-sqlite.sh
		create-sqlserver-prod.ps1 = create-sqlserver-prod.ps1
		global.json = global.json
		launch.ps1 = launch.ps1
		README.md = README.md
	EndProjectSection
EndProject
Project("{8BB2217D-0F2D-49D1-97BC-3654ED321F3B}") = "GMBuddy.Games", "src\GMBuddy.Games\GMBuddy.Games.xproj", "{C80DF74C-AED9-4C90-9A58-82EC404F9736}"
EndProject
Project("{8BB2217D-0F2D-49D1-97BC-3654ED321F3B}") = "GMBuddy.Identity", "src\GMBuddy.Identity\GMBuddy.Identity.xproj", "{6330B4C2-C662-40F8-A57A-0E104D928F8B}"
EndProject
Project("{8BB2217D-0F2D-49D1-97BC-3654ED321F3B}") = "GMBuddy", "src\GMBuddy\GMBuddy.xproj", "{1566318E-FFA3-435E-8862-2DB147CB8703}"
EndProject
Project("{8BB2217D-0F2D-49D1-97BC-3654ED321F3B}") = "GMBuddy.Rest", "src\GMBuddy.Rest\GMBuddy.Rest.xproj", "{8FE52866-AACC-42AC-B065-4223E15AEF31}"
EndProject
Project("{2150E333-8FDC-42A3-9474-1A3956D46DE8}") = "test", "test", "{2944FD85-FA02-4D01-8FD8-098973D5DC1F}"
EndProject
Project("{8BB2217D-0F2D-49D1-97BC-3654ED321F3B}") = "GMBuddy.Games.Test", ".\test\GMBuddy.Games.Test\GMBuddy.Games.Test.xproj", "{704E7BE6-3E52-4CD0-A8CD-C0F4E4E01E72}"
EndProject
Global
	GlobalSection(SolutionConfigurationPlatforms) = preSolution
		Debug|Any CPU = Debug|Any CPU
		Release|Any CPU = Release|Any CPU
	EndGlobalSection
	GlobalSection(ProjectConfigurationPlatforms) = postSolution
		{D5C36754-B521-43AF-8C50-4E3F1639899D}.Debug|Any CPU.ActiveCfg = Debug|Any CPU
		{D5C36754-B521-43AF-8C50-4E3F1639899D}.Debug|Any CPU.Build.0 = Debug|Any CPU
		{D5C36754-B521-43AF-8C50-4E3F1639899D}.Release|Any CPU.ActiveCfg = Release|Any CPU
		{D5C36754-B521-43AF-8C50-4E3F1639899D}.Release|Any CPU.Build.0 = Release|Any CPU
		{2948FBFF-BDEB-4FC8-B2B6-918C2ACEAAF8}.Debug|Any CPU.ActiveCfg = Debug|Any CPU
		{2948FBFF-BDEB-4FC8-B2B6-918C2ACEAAF8}.Debug|Any CPU.Build.0 = Debug|Any CPU
		{2948FBFF-BDEB-4FC8-B2B6-918C2ACEAAF8}.Release|Any CPU.ActiveCfg = Release|Any CPU
		{2948FBFF-BDEB-4FC8-B2B6-918C2ACEAAF8}.Release|Any CPU.Build.0 = Release|Any CPU
		{C5863D26-B3B5-483F-8CD2-ACA943ECE8A6}.Debug|Any CPU.ActiveCfg = Debug|Any CPU
		{C5863D26-B3B5-483F-8CD2-ACA943ECE8A6}.Debug|Any CPU.Build.0 = Debug|Any CPU
		{C5863D26-B3B5-483F-8CD2-ACA943ECE8A6}.Release|Any CPU.ActiveCfg = Release|Any CPU
		{C5863D26-B3B5-483F-8CD2-ACA943ECE8A6}.Release|Any CPU.Build.0 = Release|Any CPU
		{C80DF74C-AED9-4C90-9A58-82EC404F9736}.Debug|Any CPU.ActiveCfg = Debug|Any CPU
		{C80DF74C-AED9-4C90-9A58-82EC404F9736}.Debug|Any CPU.Build.0 = Debug|Any CPU
		{C80DF74C-AED9-4C90-9A58-82EC404F9736}.Release|Any CPU.ActiveCfg = Release|Any CPU
		{C80DF74C-AED9-4C90-9A58-82EC404F9736}.Release|Any CPU.Build.0 = Release|Any CPU
		{6330B4C2-C662-40F8-A57A-0E104D928F8B}.Debug|Any CPU.ActiveCfg = Debug|Any CPU
		{6330B4C2-C662-40F8-A57A-0E104D928F8B}.Debug|Any CPU.Build.0 = Debug|Any CPU
		{6330B4C2-C662-40F8-A57A-0E104D928F8B}.Release|Any CPU.ActiveCfg = Release|Any CPU
		{6330B4C2-C662-40F8-A57A-0E104D928F8B}.Release|Any CPU.Build.0 = Release|Any CPU
		{1566318E-FFA3-435E-8862-2DB147CB8703}.Debug|Any CPU.ActiveCfg = Debug|Any CPU
		{1566318E-FFA3-435E-8862-2DB147CB8703}.Debug|Any CPU.Build.0 = Debug|Any CPU
		{1566318E-FFA3-435E-8862-2DB147CB8703}.Release|Any CPU.ActiveCfg = Release|Any CPU
		{1566318E-FFA3-435E-8862-2DB147CB8703}.Release|Any CPU.Build.0 = Release|Any CPU
		{8FE52866-AACC-42AC-B065-4223E15AEF31}.Debug|Any CPU.ActiveCfg = Debug|Any CPU
		{8FE52866-AACC-42AC-B065-4223E15AEF31}.Debug|Any CPU.Build.0 = Debug|Any CPU
		{8FE52866-AACC-42AC-B065-4223E15AEF31}.Release|Any CPU.ActiveCfg = Release|Any CPU
		{8FE52866-AACC-42AC-B065-4223E15AEF31}.Release|Any CPU.Build.0 = Release|Any CPU
		{704E7BE6-3E52-4CD0-A8CD-C0F4E4E01E72}.Debug|Any CPU.ActiveCfg = Debug|Any CPU
		{704E7BE6-3E52-4CD0-A8CD-C0F4E4E01E72}.Debug|Any CPU.Build.0 = Debug|Any CPU
		{704E7BE6-3E52-4CD0-A8CD-C0F4E4E01E72}.Release|Any CPU.ActiveCfg = Release|Any CPU
		{704E7BE6-3E52-4CD0-A8CD-C0F4E4E01E72}.Release|Any CPU.Build.0 = Release|Any CPU
	EndGlobalSection
	GlobalSection(SolutionProperties) = preSolution
		HideSolutionNode = FALSE
	EndGlobalSection
	GlobalSection(NestedProjects) = preSolution
		{D5C36754-B521-43AF-8C50-4E3F1639899D} = {B022C03B-51EB-4D3C-A12E-1443FCAD8DCA}
		{2948FBFF-BDEB-4FC8-B2B6-918C2ACEAAF8} = {B022C03B-51EB-4D3C-A12E-1443FCAD8DCA}
		{C5863D26-B3B5-483F-8CD2-ACA943ECE8A6} = {B022C03B-51EB-4D3C-A12E-1443FCAD8DCA}
		{C80DF74C-AED9-4C90-9A58-82EC404F9736} = {B022C03B-51EB-4D3C-A12E-1443FCAD8DCA}
		{6330B4C2-C662-40F8-A57A-0E104D928F8B} = {B022C03B-51EB-4D3C-A12E-1443FCAD8DCA}
		{1566318E-FFA3-435E-8862-2DB147CB8703} = {B022C03B-51EB-4D3C-A12E-1443FCAD8DCA}
		{8FE52866-AACC-42AC-B065-4223E15AEF31} = {B022C03B-51EB-4D3C-A12E-1443FCAD8DCA}
		{704E7BE6-3E52-4CD0-A8CD-C0F4E4E01E72} = {2944FD85-FA02-4D01-8FD8-098973D5DC1F}
	EndGlobalSection
EndGlobal
